
Microsoft Visual Studio Solution File, Format Version 12.00
# Visual Studio Version 17
VisualStudioVersion = 17.9.34728.123
MinimumVisualStudioVersion = 10.0.40219.1
Project("{FAE04EC0-301F-11D3-BF4B-00C04F79EFBC}") = "AWN", "AWN\AWN.csproj", "{E6E0BE09-5EF7-41A7-A192-325612419DA0}"
EndProject
Global
	GlobalSection(SolutionConfigurationPlatforms) = preSolution
		Debug|Any CPU = Debug|Any CPU
		Release|Any CPU = Release|Any CPU
	EndGlobalSection
	GlobalSection(ProjectConfigurationPlatforms) = postSolution
		{E6E0BE09-5EF7-41A7-A192-325612419DA0}.Debug|Any CPU.ActiveCfg = Debug|Any CPU
		{E6E0BE09-5EF7-41A7-A192-325612419DA0}.Debug|Any CPU.Build.0 = Debug|Any CPU
		{E6E0BE09-5EF7-41A7-A192-325612419DA0}.Release|Any CPU.ActiveCfg = Release|Any CPU
		{E6E0BE09-5EF7-41A7-A192-325612419DA0}.Release|Any CPU.Build.0 = Release|Any CPU
	EndGlobalSection
	GlobalSection(SolutionProperties) = preSolution
		HideSolutionNode = FALSE
	EndGlobalSection
	GlobalSection(ExtensibilityGlobals) = postSolution
		SolutionGuid = {C4A9FB46-9895-494A-869C-0791A85D002A}
	EndGlobalSection
EndGlobal
